// !$*UTF8*$!
{
	archiveVersion = 1;
	classes = {
	};
	objectVersion = 46;
	objects = {

/* Begin PBXBuildFile section */
		DE3DB98819CA91E600C19259 /* AppDelegate.swift in Sources */ = {isa = PBXBuildFile; fileRef = DE3DB98719CA91E600C19259 /* AppDelegate.swift */; };
		DE3DB98A19CA91E600C19259 /* ViewController.swift in Sources */ = {isa = PBXBuildFile; fileRef = DE3DB98919CA91E600C19259 /* ViewController.swift */; };
		DE3DB98D19CA91E600C19259 /* Main.storyboard in Resources */ = {isa = PBXBuildFile; fileRef = DE3DB98B19CA91E600C19259 /* Main.storyboard */; };
		DE3DB98F19CA91E600C19259 /* Images.xcassets in Resources */ = {isa = PBXBuildFile; fileRef = DE3DB98E19CA91E600C19259 /* Images.xcassets */; };
		DE3DB99219CA91E600C19259 /* LaunchScreen.xib in Resources */ = {isa = PBXBuildFile; fileRef = DE3DB99019CA91E600C19259 /* LaunchScreen.xib */; };
		DE3DB99E19CA91E700C19259 /* Postcard2Tests.swift in Sources */ = {isa = PBXBuildFile; fileRef = DE3DB99D19CA91E700C19259 /* Postcard2Tests.swift */; };
/* End PBXBuildFile section */

/* Begin PBXContainerItemProxy section */
		DE3DB99819CA91E700C19259 /* PBXContainerItemProxy */ = {
			isa = PBXContainerItemProxy;
			containerPortal = DE3DB97A19CA91E600C19259 /* Project object */;
			proxyType = 1;
			remoteGlobalIDString = DE3DB98119CA91E600C19259;
			remoteInfo = Postcard2;
		};
/* End PBXContainerItemProxy section */

/* Begin PBXFileReference section */
		DE3DB98219CA91E600C19259 /* Postcard2.app */ = {isa = PBXFileReference; explicitFileType = wrapper.application; includeInIndex = 0; path = Postcard2.app; sourceTree = BUILT_PRODUCTS_DIR; };
		DE3DB98619CA91E600C19259 /* Info.plist */ = {isa = PBXFileReference; lastKnownFileType = text.plist.xml; path = Info.plist; sourceTree = "<group>"; };
		DE3DB98719CA91E600C19259 /* AppDelegate.swift */ = {isa = PBXFileReference; lastKnownFileType = sourcecode.swift; path = AppDelegate.swift; sourceTree = "<group>"; };
		DE3DB98919CA91E600C19259 /* ViewController.swift */ = {isa = PBXFileReference; lastKnownFileType = sourcecode.swift; path = ViewController.swift; sourceTree = "<group>"; };
		DE3DB98C19CA91E600C19259 /* Base */ = {isa = PBXFileReference; lastKnownFileType = file.storyboard; name = Base; path = Base.lproj/Main.storyboard; sourceTree = "<group>"; };
		DE3DB98E19CA91E600C19259 /* Images.xcassets */ = {isa = PBXFileReference; lastKnownFileType = folder.assetcatalog; path = Images.xcassets; sourceTree = "<group>"; };
		DE3DB99119CA91E600C19259 /* Base */ = {isa = PBXFileReference; lastKnownFileType = file.xib; name = Base; path = Base.lproj/LaunchScreen.xib; sourceTree = "<group>"; };
		DE3DB99719CA91E700C19259 /* Postcard2Tests.xctest */ = {isa = PBXFileReference; explicitFileType = wrapper.cfbundle; includeInIndex = 0; path = Postcard2Tests.xctest; sourceTree = BUILT_PRODUCTS_DIR; };
		DE3DB99C19CA91E700C19259 /* Info.plist */ = {isa = PBXFileReference; lastKnownFileType = text.plist.xml; path = Info.plist; sourceTree = "<group>"; };
		DE3DB99D19CA91E700C19259 /* Postcard2Tests.swift */ = {isa = PBXFileReference; lastKnownFileType = sourcecode.swift; path = Postcard2Tests.swift; sourceTree = "<group>"; };
/* End PBXFileReference section */

/* Begin PBXFrameworksBuildPhase section */
		DE3DB97F19CA91E600C19259 /* Frameworks */ = {
			isa = PBXFrameworksBuildPhase;
			buildActionMask = 2147483647;
			files = (
			);
			runOnlyForDeploymentPostprocessing = 0;
		};
		DE3DB99419CA91E700C19259 /* Frameworks */ = {
			isa = PBXFrameworksBuildPhase;
			buildActionMask = 2147483647;
			files = (
			);
			runOnlyForDeploymentPostprocessing = 0;
		};
/* End PBXFrameworksBuildPhase section */

/* Begin PBXGroup section */
		DE3DB97919CA91E600C19259 = {
			isa = PBXGroup;
			children = (
				DE3DB98419CA91E600C19259 /* Postcard2 */,
				DE3DB99A19CA91E700C19259 /* Postcard2Tests */,
				DE3DB98319CA91E600C19259 /* Products */,
			);
			sourceTree = "<group>";
		};
		DE3DB98319CA91E600C19259 /* Products */ = {
			isa = PBXGroup;
			children = (
				DE3DB98219CA91E600C19259 /* Postcard2.app */,
				DE3DB99719CA91E700C19259 /* Postcard2Tests.xctest */,
			);
			name = Products;
			sourceTree = "<group>";
		};
		DE3DB98419CA91E600C19259 /* Postcard2 */ = {
			isa = PBXGroup;
			children = (
				DE3DB98719CA91E600C19259 /* AppDelegate.swift */,
				DE3DB98919CA91E600C19259 /* ViewController.swift */,
				DE3DB98B19CA91E600C19259 /* Main.storyboard */,
				DE3DB98E19CA91E600C19259 /* Images.xcassets */,
				DE3DB99019CA91E600C19259 /* LaunchScreen.xib */,
				DE3DB98519CA91E600C19259 /* Supporting Files */,
			);
			path = Postcard2;
			sourceTree = "<group>";
		};
		DE3DB98519CA91E600C19259 /* Supporting Files */ = {
			isa = PBXGroup;
			children = (
				DE3DB98619CA91E600C19259 /* Info.plist */,
			);
			name = "Supporting Files";
			sourceTree = "<group>";
		};
		DE3DB99A19CA91E700C19259 /* Postcard2Tests */ = {
			isa = PBXGroup;
			children = (
				DE3DB99D19CA91E700C19259 /* Postcard2Tests.swift */,
				DE3DB99B19CA91E700C19259 /* Supporting Files */,
			);
			path = Postcard2Tests;
			sourceTree = "<group>";
		};
		DE3DB99B19CA91E700C19259 /* Supporting Files */ = {
			isa = PBXGroup;
			children = (
				DE3DB99C19CA91E700C19259 /* Info.plist */,
			);
			name = "Supporting Files";
			sourceTree = "<group>";
		};
/* End PBXGroup section */

/* Begin PBXNativeTarget section */
		DE3DB98119CA91E600C19259 /* Postcard2 */ = {
			isa = PBXNativeTarget;
			buildConfigurationList = DE3DB9A119CA91E700C19259 /* Build configuration list for PBXNativeTarget "Postcard2" */;
			buildPhases = (
				DE3DB97E19CA91E600C19259 /* Sources */,
				DE3DB97F19CA91E600C19259 /* Frameworks */,
				DE3DB98019CA91E600C19259 /* Resources */,
			);
			buildRules = (
			);
			dependencies = (
			);
			name = Postcard2;
			productName = Postcard2;
			productReference = DE3DB98219CA91E600C19259 /* Postcard2.app */;
			productType = "com.apple.product-type.application";
		};
		DE3DB99619CA91E700C19259 /* Postcard2Tests */ = {
			isa = PBXNativeTarget;
			buildConfigurationList = DE3DB9A419CA91E700C19259 /* Build configuration list for PBXNativeTarget "Postcard2Tests" */;
			buildPhases = (
				DE3DB99319CA91E700C19259 /* Sources */,
				DE3DB99419CA91E700C19259 /* Frameworks */,
				DE3DB99519CA91E700C19259 /* Resources */,
			);
			buildRules = (
			);
			dependencies = (
				DE3DB99919CA91E700C19259 /* PBXTargetDependency */,
			);
			name = Postcard2Tests;
			productName = Postcard2Tests;
			productReference = DE3DB99719CA91E700C19259 /* Postcard2Tests.xctest */;
			productType = "com.apple.product-type.bundle.unit-test";
		};
/* End PBXNativeTarget section */

/* Begin PBXProject section */
		DE3DB97A19CA91E600C19259 /* Project object */ = {
			isa = PBXProject;
			attributes = {
				LastUpgradeCheck = 0600;
				ORGANIZATIONNAME = "Tony Morales";
				TargetAttributes = {
					DE3DB98119CA91E600C19259 = {
						CreatedOnToolsVersion = 6.0;
					};
					DE3DB99619CA91E700C19259 = {
						CreatedOnToolsVersion = 6.0;
						TestTargetID = DE3DB98119CA91E600C19259;
					};
				};
			};
			buildConfigurationList = DE3DB97D19CA91E600C19259 /* Build configuration list for PBXProject "Postcard2" */;
			compatibilityVersion = "Xcode 3.2";
			developmentRegion = English;
			hasScannedForEncodings = 0;
			knownRegions = (
				en,
				Base,
			);
			mainGroup = DE3DB97919CA91E600C19259;
			productRefGroup = DE3DB98319CA91E600C19259 /* Products */;
			projectDirPath = "";
			projectRoot = "";
			targets = (
				DE3DB98119CA91E600C19259 /* Postcard2 */,
				DE3DB99619CA91E700C19259 /* Postcard2Tests */,
			);
		};
/* End PBXProject section */

/* Begin PBXResourcesBuildPhase section */
		DE3DB98019CA91E600C19259 /* Resources */ = {
			isa = PBXResourcesBuildPhase;
			buildActionMask = 2147483647;
			files = (
				DE3DB98D19CA91E600C19259 /* Main.storyboard in Resources */,
				DE3DB99219CA91E600C19259 /* LaunchScreen.xib in Resources */,
				DE3DB98F19CA91E600C19259 /* Images.xcassets in Resources */,
			);
			runOnlyForDeploymentPostprocessing = 0;
		};
		DE3DB99519CA91E700C19259 /* Resources */ = {
			isa = PBXResourcesBuildPhase;
			buildActionMask = 2147483647;
			files = (
			);
			runOnlyForDeploymentPostprocessing = 0;
		};
/* End PBXResourcesBuildPhase section */

/* Begin PBXSourcesBuildPhase section */
		DE3DB97E19CA91E600C19259 /* Sources */ = {
			isa = PBXSourcesBuildPhase;
			buildActionMask = 2147483647;
			files = (
				DE3DB98A19CA91E600C19259 /* ViewController.swift in Sources */,
				DE3DB98819CA91E600C19259 /* AppDelegate.swift in Sources */,
			);
			runOnlyForDeploymentPostprocessing = 0;
		};
		DE3DB99319CA91E700C19259 /* Sources */ = {
			isa = PBXSourcesBuildPhase;
			buildActionMask = 2147483647;
			files = (
				DE3DB99E19CA91E700C19259 /* Postcard2Tests.swift in Sources */,
			);
			runOnlyForDeploymentPostprocessing = 0;
		};
/* End PBXSourcesBuildPhase section */

/* Begin PBXTargetDependency section */
		DE3DB99919CA91E700C19259 /* PBXTargetDependency */ = {
			isa = PBXTargetDependency;
			target = DE3DB98119CA91E600C19259 /* Postcard2 */;
			targetProxy = DE3DB99819CA91E700C19259 /* PBXContainerItemProxy */;
		};
/* End PBXTargetDependency section */

/* Begin PBXVariantGroup section */
		DE3DB98B19CA91E600C19259 /* Main.storyboard */ = {
			isa = PBXVariantGroup;
			children = (
				DE3DB98C19CA91E600C19259 /* Base */,
			);
			name = Main.storyboard;
			sourceTree = "<group>";
		};
		DE3DB99019CA91E600C19259 /* LaunchScreen.xib */ = {
			isa = PBXVariantGroup;
			children = (
				DE3DB99119CA91E600C19259 /* Base */,
			);
			name = LaunchScreen.xib;
			sourceTree = "<group>";
		};
/* End PBXVariantGroup section */

/* Begin XCBuildConfiguration section */
		DE3DB99F19CA91E700C19259 /* Debug */ = {
			isa = XCBuildConfiguration;
			buildSettings = {
				ALWAYS_SEARCH_USER_PATHS = NO;
				CLANG_CXX_LANGUAGE_STANDARD = "gnu++0x";
				CLANG_CXX_LIBRARY = "libc++";
				CLANG_ENABLE_MODULES = YES;
				CLANG_ENABLE_OBJC_ARC = YES;
				CLANG_WARN_BOOL_CONVERSION = YES;
				CLANG_WARN_CONSTANT_CONVERSION = YES;
				CLANG_WARN_DIRECT_OBJC_ISA_USAGE = YES_ERROR;
				CLANG_WARN_EMPTY_BODY = YES;
				CLANG_WARN_ENUM_CONVERSION = YES;
				CLANG_WARN_INT_CONVERSION = YES;
				CLANG_WARN_OBJC_ROOT_CLASS = YES_ERROR;
				CLANG_WARN_UNREACHABLE_CODE = YES;
				CLANG_WARN__DUPLICATE_METHOD_MATCH = YES;
				"CODE_SIGN_IDENTITY[sdk=iphoneos*]" = "iPhone Developer";
				COPY_PHASE_STRIP = NO;
				ENABLE_STRICT_OBJC_MSGSEND = YES;
				GCC_C_LANGUAGE_STANDARD = gnu99;
				GCC_DYNAMIC_NO_PIC = NO;
				GCC_OPTIMIZATION_LEVEL = 0;
				GCC_PREPROCESSOR_DEFINITIONS = (
					"DEBUG=1",
					"$(inherited)",
				);
				GCC_SYMBOLS_PRIVATE_EXTERN = NO;
				GCC_WARN_64_TO_32_BIT_CONVERSION = YES;
				GCC_WARN_ABOUT_RETURN_TYPE = YES_ERROR;
				GCC_WARN_UNDECLARED_SELECTOR = YES;
				GCC_WARN_UNINITIALIZED_AUTOS = YES_AGGRESSIVE;
				GCC_WARN_UNUSED_FUNCTION = YES;
				GCC_WARN_UNUSED_VARIABLE = YES;
				IPHONEOS_DEPLOYMENT_TARGET = 8.0;
				MTL_ENABLE_DEBUG_INFO = YES;
				ONLY_ACTIVE_ARCH = YES;
				SDKROOT = iphoneos;
				SWIFT_OPTIMIZATION_LEVEL = "-Onone";
			};
			name = Debug;
		};
		DE3DB9A019CA91E700C19259 /* Release */ = {
			isa = XCBuildConfiguration;
			buildSettings = {
				ALWAYS_SEARCH_USER_PATHS = NO;
				CLANG_CXX_LANGUAGE_STANDARD = "gnu++0x";
				CLANG_CXX_LIBRARY = "libc++";
				CLANG_ENABLE_MODULES = YES;
				CLANG_ENABLE_OBJC_ARC = YES;
				CLANG_WARN_BOOL_CONVERSION = YES;
				CLANG_WARN_CONSTANT_CONVERSION = YES;
				CLANG_WARN_DIRECT_OBJC_ISA_USAGE = YES_ERROR;
				CLANG_WARN_EMPTY_BODY = YES;
				CLANG_WARN_ENUM_CONVERSION = YES;
				CLANG_WARN_INT_CONVERSION = YES;
				CLANG_WARN_OBJC_ROOT_CLASS = YES_ERROR;
				CLANG_WARN_UNREACHABLE_CODE = YES;
				CLANG_WARN__DUPLICATE_METHOD_MATCH = YES;
				"CODE_SIGN_IDENTITY[sdk=iphoneos*]" = "iPhone Developer";
				COPY_PHASE_STRIP = YES;
				ENABLE_NS_ASSERTIONS = NO;
				ENABLE_STRICT_OBJC_MSGSEND = YES;
				GCC_C_LANGUAGE_STANDARD = gnu99;
				GCC_WARN_64_TO_32_BIT_CONVERSION = YES;
				GCC_WARN_ABOUT_RETURN_TYPE = YES_ERROR;
				GCC_WARN_UNDECLARED_SELECTOR = YES;
				GCC_WARN_UNINITIALIZED_AUTOS = YES_AGGRESSIVE;
				GCC_WARN_UNUSED_FUNCTION = YES;
				GCC_WARN_UNUSED_VARIABLE = YES;
				IPHONEOS_DEPLOYMENT_TARGET = 8.0;
				MTL_ENABLE_DEBUG_INFO = NO;
				SDKROOT = iphoneos;
				VALIDATE_PRODUCT = YES;
			};
			name = Release;
		};
		DE3DB9A219CA91E700C19259 /* Debug */ = {
			isa = XCBuildConfiguration;
			buildSettings = {
				ASSETCATALOG_COMPILER_APPICON_NAME = AppIcon;
				INFOPLIST_FILE = Postcard2/Info.plist;
				LD_RUNPATH_SEARCH_PATHS = "$(inherited) @executable_path/Frameworks";
				PRODUCT_NAME = "$(TARGET_NAME)";
			};
			name = Debug;
		};
		DE3DB9A319CA91E700C19259 /* Release */ = {
			isa = XCBuildConfiguration;
			buildSettings = {
				ASSETCATALOG_COMPILER_APPICON_NAME = AppIcon;
				INFOPLIST_FILE = Postcard2/Info.plist;
				LD_RUNPATH_SEARCH_PATHS = "$(inherited) @executable_path/Frameworks";
				PRODUCT_NAME = "$(TARGET_NAME)";
			};
			name = Release;
		};
		DE3DB9A519CA91E700C19259 /* Debug */ = {
			isa = XCBuildConfiguration;
			buildSettings = {
				BUNDLE_LOADER = "$(TEST_HOST)";
				FRAMEWORK_SEARCH_PATHS = (
					"$(SDKROOT)/Developer/Library/Frameworks",
					"$(inherited)",
				);
				GCC_PREPROCESSOR_DEFINITIONS = (
					"DEBUG=1",
					"$(inherited)",
				);
				INFOPLIST_FILE = Postcard2Tests/Info.plist;
				LD_RUNPATH_SEARCH_PATHS = "$(inherited) @executable_path/Frameworks @loader_path/Frameworks";
				PRODUCT_NAME = "$(TARGET_NAME)";
				TEST_HOST = "$(BUILT_PRODUCTS_DIR)/Postcard2.app/Postcard2";
			};
			name = Debug;
		};
		DE3DB9A619CA91E700C19259 /* Release */ = {
			isa = XCBuildConfiguration;
			buildSettings = {
				BUNDLE_LOADER = "$(TEST_HOST)";
				FRAMEWORK_SEARCH_PATHS = (
					"$(SDKROOT)/Developer/Library/Frameworks",
					"$(inherited)",
				);
				INFOPLIST_FILE = Postcard2Tests/Info.plist;
				LD_RUNPATH_SEARCH_PATHS = "$(inherited) @executable_path/Frameworks @loader_path/Frameworks";
				PRODUCT_NAME = "$(TARGET_NAME)";
				TEST_HOST = "$(BUILT_PRODUCTS_DIR)/Postcard2.app/Postcard2";
			};
			name = Release;
		};
/* End XCBuildConfiguration section */

/* Begin XCConfigurationList section */
		DE3DB97D19CA91E600C19259 /* Build configuration list for PBXProject "Postcard2" */ = {
			isa = XCConfigurationList;
			buildConfigurations = (
				DE3DB99F19CA91E700C19259 /* Debug */,
				DE3DB9A019CA91E700C19259 /* Release */,
			);
			defaultConfigurationIsVisible = 0;
			defaultConfigurationName = Release;
		};
		DE3DB9A119CA91E700C19259 /* Build configuration list for PBXNativeTarget "Postcard2" */ = {
			isa = XCConfigurationList;
			buildConfigurations = (
				DE3DB9A219CA91E700C19259 /* Debug */,
				DE3DB9A319CA91E700C19259 /* Release */,
			);
			defaultConfigurationIsVisible = 0;
		};
		DE3DB9A419CA91E700C19259 /* Build configuration list for PBXNativeTarget "Postcard2Tests" */ = {
			isa = XCConfigurationList;
			buildConfigurations = (
				DE3DB9A519CA91E700C19259 /* Debug */,
				DE3DB9A619CA91E700C19259 /* Release */,
			);
			defaultConfigurationIsVisible = 0;
		};
/* End XCConfigurationList section */
	};
	rootObject = DE3DB97A19CA91E600C19259 /* Project object */;
}
